
Microsoft Visual Studio Solution File, Format Version 12.00
# Visual Studio 15
VisualStudioVersion = 15.0.28307.1738
MinimumVisualStudioVersion = 10.0.40219.1
Project("{FAE04EC0-301F-11D3-BF4B-00C04F79EFBC}") = "TuyaMCUAnalyzer", "TuyaMCUAnalyzer.csproj", "{6C0370AF-28B9-43BF-998F-7145D07BEE6B}"
EndProject
Global
	GlobalSection(SolutionConfigurationPlatforms) = preSolution
		Debug|Any CPU = Debug|Any CPU
		Release|Any CPU = Release|Any CPU
	EndGlobalSection
	GlobalSection(ProjectConfigurationPlatforms) = postSolution
		{6C0370AF-28B9-43BF-998F-7145D07BEE6B}.Debug|Any CPU.ActiveCfg = Debug|Any CPU
		{6C0370AF-28B9-43BF-998F-7145D07BEE6B}.Debug|Any CPU.Build.0 = Debug|Any CPU
		{6C0370AF-28B9-43BF-998F-7145D07BEE6B}.Release|Any CPU.ActiveCfg = Release|Any CPU
		{6C0370AF-28B9-43BF-998F-7145D07BEE6B}.Release|Any CPU.Build.0 = Release|Any CPU
	EndGlobalSection
	GlobalSection(SolutionProperties) = preSolution
		HideSolutionNode = FALSE
	EndGlobalSection
	GlobalSection(ExtensibilityGlobals) = postSolution
		SolutionGuid = {D72C8BE1-3C7E-4EB6-83E3-A7ABA350E1F1}
	EndGlobalSection
EndGlobal
